{
  "_comment": [
    "semtex.sty real-world integration test corpus manifest.",
    "",
    "Format: JSON (Python stdlib parseable, no extra deps).",
    "",
    "Each entry pins a SPECIFIC version of an arxiv paper source tarball.",
    "The sha256 is computed once on first fetch and committed here so that",
    "subsequent fetches are reproducible.",
    "",
    "SHA-256 procedure (first-time fill-in, per paper):",
    "  1. Run `python fetch.py --accept-pending <id>` to download without",
    "     verification. The script will print the observed sha256 to stderr.",
    "  2. Copy the printed value into this file, replacing PENDING_FETCH.",
    "  3. Commit the updated corpus.lock.",
    "  4. Re-run `python fetch.py` (without --accept-pending) to confirm.",
    "",
    "All arxiv IDs in this file have been VERIFIED against arxiv.org abstract",
    "pages. The original 8 IDs in the first-draft corpus.lock were training-data",
    "guesses and all 8 were WRONG (pointed at unrelated papers). This version",
    "was corrected by a WebFetch-capable agent on 2026-04-09.",
    "",
    "Arxiv 'be nice' policy: max 4 requests/second, fetch once per release",
    "cycle, not in CI loops. See README.md."
  ],
  "papers": [
    {
      "id": "1306.5144",
      "version": "v4",
      "category": "math.CT",
      "title": "The 2-category theory of quasi-categories",
      "author": "Riehl, Verity",
      "sha256": "7893ea706ae39ddd0d18e1833048514aa8d2546e67cf5ce67d7246bb34b2b151",
      "notes": "math.CT; 89-page monograph, high cross-reference density, many theorem environments, hyperref. Covers BLOCKER E#1 (cleveref/hyperref back-ref patch) + long-doc stress (50+ pages). Replaces original 1310.0189 slot.",
      "expected_features": ["amsthm", "hyperref", "many_refs", "long"],
      "verify_hint": "grep -lE 'usepackage\\{(cleveref|hyperref)\\}' papers/1306.5144/*.tex"
    },
    {
      "id": "1104.4789",
      "version": "v4",
      "category": "math.RT",
      "title": "A survey of Heisenberg categorification via graphical calculus",
      "author": "Licata, Savage",
      "sha256": "94dac92f4bb034b99cd89ae6e3f030d34bba756c6da336f227b24eb0e78b84a7",
      "notes": "math.RT; 23 pages, heavy use of string diagrams (TikZ graphical calculus). Exercises the tikzcd/tikz inline suppression MINOR surface. Also math.AG cross-listed. Replaces original 1401.7704 slot.",
      "expected_features": ["amsthm", "tikz", "diagrams"],
      "verify_hint": "grep -lE 'tikz|xy' papers/1104.4789/*.tex"
    },
    {
      "id": "1401.1044",
      "version": "v2",
      "category": "math.AG",
      "title": "Derived Algebraic Geometry",
      "author": "Toen",
      "sha256": "0f42801608204a8d25c8af0ec29b1a3a6e7f2be561f499e4d41411b48462a970",
      "notes": "math.AG survey by Bertrand Toen (European author); likely KOMA-Script or amsart. Exercises section-heading hooks (BLOCKER E#3 surface). Many theorem/proposition environments. Replaces original 1211.1958 slot.",
      "expected_features": ["amsthm", "many_theorems", "possibly_koma"],
      "verify_hint": "grep -lE 'documentclass.*scr(book|artcl|reprt)' papers/1401.1044/*.tex"
    },
    {
      "id": "1608.05314",
      "version": "v2",
      "category": "math.CT",
      "title": "Infinity category theory from scratch",
      "author": "Riehl, Verity",
      "sha256": "af92ba87ac0254e4b6259bc3183b031d93e75b1eada98e26a2cbe34447effc2a",
      "notes": "math.CT; 53 pages, medium-length research exposition on infinity-categories. Tests algebraic topology / higher category conventions. Replaces original 1506.05744 slot.",
      "expected_features": ["amsthm", "amsmath"],
      "verify_hint": "grep -l 'usepackage{amsthm}' papers/1608.05314/*.tex"
    },
    {
      "id": "1411.3447",
      "version": "v1",
      "category": "math.AT",
      "title": "Motivic Stable Homotopy and the Stable 51 and 52 Stems",
      "author": "Isaksen, Xu",
      "sha256": "c8b134e0a2173b9d9928fdb87588fe1da7a96925aee97ecd2e01c075b1bedcee",
      "notes": "Short paper (4 pages). Exercises the short-document smoke test path. math.AT. Replaces original 1710.06031 slot.",
      "expected_features": ["amsthm", "short"],
      "verify_hint": "wc -l papers/1411.3447/*.tex"
    },
    {
      "id": "1810.10052",
      "version": "v1",
      "category": "math.AT",
      "title": "A survey of models for (infinity,n)-categories",
      "author": "Bergner",
      "sha256": "1672d6eec13d3cf1954c6f6e9091edfe1dcb609d5b346aedcc0b0bc087c2c3a2",
      "notes": "math.AT survey by Julia Bergner; 29 pages with many cross-references. Stresses hyperref/cleveref back-ref patch (BLOCKER E#1 surface). Multi-section structure. Replaces original 1809.08969 slot.",
      "expected_features": ["amsthm", "hyperref", "many_refs"],
      "verify_hint": "grep -lE 'usepackage\\{(cleveref|hyperref)\\}' papers/1810.10052/*.tex"
    },
    {
      "id": "1904.00025",
      "version": "v1",
      "category": "math.CT",
      "title": "TODO: hand-crafted fixture",
      "author": "TODO",
      "sha256": "PENDING_FETCH",
      "notes": "PLACEHOLDER: The restatable/thmtools pattern (BLOCKER E#2) is genuinely rare on arxiv (<1% of papers). The original ID 1904.00025 was a training-data guess and pointed at an unrelated astro-ph paper. After 3 search attempts no confirmed arxiv math paper using \\restatable was found. Replace this entry with a hand-crafted regression fixture under testfiles/integration/restatable-repro/ instead. Remove this entry from corpus.lock once the hand-crafted fixture is committed.",
      "expected_features": ["thmtools", "restatable"],
      "verify_hint": "grep -l 'restatable' testfiles/integration/restatable-repro/*.tex",
      "warning": "RARE: This entry is a TODO placeholder. Do not attempt to fetch it (sha=PENDING_FETCH and id is not a valid replacement). Create hand-crafted fixture instead."
    },
    {
      "id": "2012.00754",
      "version": "v1",
      "category": "math.RT",
      "title": "Drinfeld Hecke algebras for symmetric groups in positive characteristic",
      "author": "Krawzik, Shepler",
      "sha256": "ec09ff284c009d4ae745943349165ed669a312328f5f7324df94102bd648cfe1",
      "notes": "math.RT research article, 17 pages. Typically heavy on align/gather environments (representation theory style), stresses equations=shared MAJOR surface. Replaces original 2009.11923 slot.",
      "expected_features": ["amsmath", "align", "gather"],
      "verify_hint": "grep -cE 'begin\\{align' papers/2012.00754/*.tex"
    }
  ],
  "coverage_matrix": {
    "_comment": "Which REVIEW_E_compat finding each paper targets. All IDs verified against arxiv.org on 2026-04-09.",
    "BLOCKER_E1_cleveref_backref": ["1306.5144", "1810.10052"],
    "BLOCKER_E2_restatable": ["TODO_hand_crafted_fixture"],
    "BLOCKER_E3_koma_memoir_titlesec": ["1401.1044"],
    "MAJOR_equations_shared": ["2012.00754"],
    "MINOR_tikzcd_suppress": ["1104.4789"],
    "length_short_under_10pp": ["1411.3447"],
    "length_long_over_50pp": ["1306.5144"],
    "cross_ref_density_high": ["1306.5144", "1810.10052"]
  },
  "categories_summary": {
    "math.CT": 3,
    "math.AT": 2,
    "math.AG": 1,
    "math.RT": 2,
    "_total": 8,
    "_note": "1104.4789 is primarily math.RT (cross-listed math.AG); serves tikzcd/diagrams MINOR slot"
  }
}
