{
  "_comment": [
    "semtex.sty real-world integration test corpus manifest.",
    "",
    "Format: JSON (Python stdlib parseable, no extra deps).",
    "",
    "Each entry pins a SPECIFIC version of an arxiv paper source tarball.",
    "The sha256 is computed once on first fetch and committed here so that",
    "subsequent fetches are reproducible.",
    "",
    "SHA-256 procedure (first-time fill-in, per paper):",
    "  1. Run `python fetch.py --accept-pending <id>` to download without",
    "     verification. The script will print the observed sha256 to stderr.",
    "  2. Copy the printed value into this file, replacing PENDING_FETCH.",
    "  3. Commit the updated corpus.lock.",
    "  4. Re-run `python fetch.py` (without --accept-pending) to confirm.",
    "",
    "Arxiv IDs below were chosen from publicly known math papers based on",
    "training-data knowledge. Because no agent in this dispatch had",
    "internet access, the IDs MUST be verified manually before first use.",
    "A human (or an agent with WebFetch) should:",
    "  - Visit https://arxiv.org/abs/<id> and confirm the title matches",
    "  - Confirm the pinned version exists",
    "  - Confirm the paper actually uses the claimed package (see 'notes')",
    "  - If any paper is wrong, replace with a similar candidate",
    "",
    "Arxiv 'be nice' policy: max 4 requests/second, fetch once per release",
    "cycle, not in CI loops. See README.md."
  ],
  "papers": [
    {
      "id": "1310.0189",
      "version": "v3",
      "category": "math.CT",
      "title": "A Survey of (infinity,1)-Categories",
      "author": "Bergner",
      "sha256": "PENDING_FETCH",
      "notes": "math.CT survey; heavy cross-reference density, amsthm theorem environments, expected cleveref usage. Long (50+ pages). Covers BLOCKER E#1 surface if cleveref is present.",
      "expected_features": ["amsthm", "cleveref", "many_refs", "long"],
      "verify_hint": "grep -l 'usepackage{cleveref}' papers/1310.0189/*.tex"
    },
    {
      "id": "1401.7704",
      "version": "v2",
      "category": "math.CT",
      "title": "Categorification and Groupoidification of the Heisenberg Algebra",
      "author": "Licata-Savage (placeholder)",
      "sha256": "PENDING_FETCH",
      "notes": "math.CT with tikzcd-style diagrams; exercises the tikzcd/tikz inline suppression MINOR surface. Medium length.",
      "expected_features": ["amsthm", "tikzcd", "diagrams"],
      "verify_hint": "grep -l 'tikzcd' papers/1401.7704/*.tex"
    },
    {
      "id": "1211.1958",
      "version": "v2",
      "category": "math.AG",
      "title": "Derived Algebraic Geometry (placeholder)",
      "author": "Toen-style",
      "sha256": "PENDING_FETCH",
      "notes": "math.AG with many theorem/proposition environments, likely KOMA-Script or amsart. Exercises section-heading hooks (BLOCKER E#3 surface if KOMA).",
      "expected_features": ["amsthm", "many_theorems", "possibly_koma"],
      "verify_hint": "grep -lE 'documentclass.*scr(book|artcl|reprt)' papers/1211.1958/*.tex"
    },
    {
      "id": "1506.05744",
      "version": "v1",
      "category": "math.AT",
      "title": "Algebraic Topology / Homotopy Theory (placeholder)",
      "author": "placeholder",
      "sha256": "PENDING_FETCH",
      "notes": "math.AT; tests algebraic topology conventions (homotopy/spectra notation). Medium-length research article.",
      "expected_features": ["amsthm", "amsmath"],
      "verify_hint": "grep -l 'usepackage{amsthm}' papers/1506.05744/*.tex"
    },
    {
      "id": "1710.06031",
      "version": "v1",
      "category": "math.AG",
      "title": "Algebraic Geometry research paper (placeholder)",
      "author": "placeholder",
      "sha256": "PENDING_FETCH",
      "notes": "Short paper (<10 pages). Exercises the short-document smoke test path.",
      "expected_features": ["amsthm", "short"],
      "verify_hint": "wc -l papers/1710.06031/*.tex"
    },
    {
      "id": "1809.08969",
      "version": "v2",
      "category": "math.CT",
      "title": "Higher Category Theory (placeholder)",
      "author": "placeholder",
      "sha256": "PENDING_FETCH",
      "notes": "math.CT with cleveref + hyperref combination; stresses the BLOCKER E#1 cleveref back-ref patch surface. Multi-section structure.",
      "expected_features": ["amsthm", "cleveref", "hyperref", "many_refs"],
      "verify_hint": "grep -lE 'usepackage\\{(cleveref|hyperref)\\}' papers/1809.08969/*.tex"
    },
    {
      "id": "1904.00025",
      "version": "v1",
      "category": "math.CT",
      "title": "Enriched Category Theory / 2-Categories (placeholder)",
      "author": "placeholder",
      "sha256": "PENDING_FETCH",
      "notes": "Candidate for thmtools/restatable usage — this is the RARE BLOCKER E#2 surface. If this paper does not actually use \\restatable, replace with a hand-crafted regression fixture under testfiles/integration/ instead.",
      "expected_features": ["amsthm", "thmtools", "restatable"],
      "verify_hint": "grep -l 'restatable' papers/1904.00025/*.tex",
      "warning": "RARE: restatable usage in arxiv is uncommon (<1%). This entry MAY need to be replaced with a different paper after verification. Mark as best-effort."
    },
    {
      "id": "2009.11923",
      "version": "v1",
      "category": "math.RT",
      "title": "Representation Theory (placeholder, free-choice slot)",
      "author": "placeholder",
      "sha256": "PENDING_FETCH",
      "notes": "Free-choice math.RT slot. Typically heavy on align/gather environments, stresses equations=shared MAJOR surface.",
      "expected_features": ["amsmath", "align", "gather"],
      "verify_hint": "grep -cE 'begin\\{align' papers/2009.11923/*.tex"
    }
  ],
  "coverage_matrix": {
    "_comment": "Which REVIEW_E_compat finding each paper targets. Fill in ACTUAL coverage after manual verification.",
    "BLOCKER_E1_cleveref_backref": ["1310.0189", "1809.08969"],
    "BLOCKER_E2_restatable": ["1904.00025"],
    "BLOCKER_E3_koma_memoir_titlesec": ["1211.1958"],
    "MAJOR_equations_shared": ["2009.11923"],
    "MINOR_tikzcd_suppress": ["1401.7704"],
    "length_short_under_10pp": ["1710.06031"],
    "length_long_over_50pp": ["1310.0189"],
    "cross_ref_density_high": ["1310.0189", "1809.08969"]
  },
  "categories_summary": {
    "math.CT": 3,
    "math.AG": 2,
    "math.AT": 1,
    "math.RT": 1,
    "_total": 8
  }
}
